
Microsoft Visual Studio Solution File, Format Version 12.00
# Visual Studio Version 17
VisualStudioVersion = 17.4.33213.308
MinimumVisualStudioVersion = 10.0.40219.1
Project("{9A19103F-16F7-4668-BE54-9A1E7A4F7556}") = "Unwired.Domain", "Unwired.Domain\Unwired.Domain.csproj", "{297FEED0-C480-43B4-8852-00FF88331571}"
EndProject
Project("{2150E333-8FDC-42A3-9474-1A3956D46DE8}") = "Itens de Solução", "Itens de Solução", "{975DD821-D7ED-4F43-9428-1BE0EC105A09}"
	ProjectSection(SolutionItems) = preProject
		.gitignore = .gitignore
		CHANGELOG.md = CHANGELOG.md
		LICENCE.md = LICENCE.md
		README.md = README.md
	EndProjectSection
EndProject
Global
	GlobalSection(SolutionConfigurationPlatforms) = preSolution
		Debug|Any CPU = Debug|Any CPU
		Release|Any CPU = Release|Any CPU
	EndGlobalSection
	GlobalSection(ProjectConfigurationPlatforms) = postSolution
		{297FEED0-C480-43B4-8852-00FF88331571}.Debug|Any CPU.ActiveCfg = Debug|Any CPU
		{297FEED0-C480-43B4-8852-00FF88331571}.Debug|Any CPU.Build.0 = Debug|Any CPU
		{297FEED0-C480-43B4-8852-00FF88331571}.Release|Any CPU.ActiveCfg = Release|Any CPU
		{297FEED0-C480-43B4-8852-00FF88331571}.Release|Any CPU.Build.0 = Release|Any CPU
	EndGlobalSection
	GlobalSection(SolutionProperties) = preSolution
		HideSolutionNode = FALSE
	EndGlobalSection
	GlobalSection(ExtensibilityGlobals) = postSolution
		SolutionGuid = {9AA162E3-CED9-4037-9EDC-AC40AD4F2B75}
	EndGlobalSection
EndGlobal
